
Microsoft Visual Studio Solution File, Format Version 12.00
# Visual Studio Version 16
VisualStudioVersion = 16.0.28803.202
MinimumVisualStudioVersion = 10.0.40219.1
Project("{FAE04EC0-301F-11D3-BF4B-00C04F79EFBC}") = "NTierECommerceProject.BLL", "NTierECommerceProject.BLL\NTierECommerceProject.BLL.csproj", "{84C8E610-A17B-47B6-B255-75B27F4DEEA2}"
EndProject
Project("{FAE04EC0-301F-11D3-BF4B-00C04F79EFBC}") = "NTierECommerceProject.DAL", "NTierECommerceProject.DAL\NTierECommerceProject.DAL.csproj", "{8D90EE1A-3A87-4648-95F0-9BFA4B847D13}"
EndProject
Project("{FAE04EC0-301F-11D3-BF4B-00C04F79EFBC}") = "NTierECommerceProject.WFA", "NTierECommerceProject.WFA\NTierECommerceProject.WFA.csproj", "{F969FA03-EBAA-4715-AEFD-5CDC2D52452E}"
EndProject
Global
	GlobalSection(SolutionConfigurationPlatforms) = preSolution
		Debug|Any CPU = Debug|Any CPU
		Release|Any CPU = Release|Any CPU
	EndGlobalSection
	GlobalSection(ProjectConfigurationPlatforms) = postSolution
		{84C8E610-A17B-47B6-B255-75B27F4DEEA2}.Debug|Any CPU.ActiveCfg = Debug|Any CPU
		{84C8E610-A17B-47B6-B255-75B27F4DEEA2}.Debug|Any CPU.Build.0 = Debug|Any CPU
		{84C8E610-A17B-47B6-B255-75B27F4DEEA2}.Release|Any CPU.ActiveCfg = Release|Any CPU
		{84C8E610-A17B-47B6-B255-75B27F4DEEA2}.Release|Any CPU.Build.0 = Release|Any CPU
		{8D90EE1A-3A87-4648-95F0-9BFA4B847D13}.Debug|Any CPU.ActiveCfg = Debug|Any CPU
		{8D90EE1A-3A87-4648-95F0-9BFA4B847D13}.Debug|Any CPU.Build.0 = Debug|Any CPU
		{8D90EE1A-3A87-4648-95F0-9BFA4B847D13}.Release|Any CPU.ActiveCfg = Release|Any CPU
		{8D90EE1A-3A87-4648-95F0-9BFA4B847D13}.Release|Any CPU.Build.0 = Release|Any CPU
		{F969FA03-EBAA-4715-AEFD-5CDC2D52452E}.Debug|Any CPU.ActiveCfg = Debug|Any CPU
		{F969FA03-EBAA-4715-AEFD-5CDC2D52452E}.Debug|Any CPU.Build.0 = Debug|Any CPU
		{F969FA03-EBAA-4715-AEFD-5CDC2D52452E}.Release|Any CPU.ActiveCfg = Release|Any CPU
		{F969FA03-EBAA-4715-AEFD-5CDC2D52452E}.Release|Any CPU.Build.0 = Release|Any CPU
	EndGlobalSection
	GlobalSection(SolutionProperties) = preSolution
		HideSolutionNode = FALSE
	EndGlobalSection
	GlobalSection(ExtensibilityGlobals) = postSolution
		SolutionGuid = {BE8E71E0-079C-4B27-86FB-FB434FDBA24E}
	EndGlobalSection
EndGlobal
